github.com/andybalholm/brotli v1.1.1 h1:PR2pgnyFznKEugtsUo0xLdDop5SKXd5Qf5ysW+7XdTA=
github.com/andybalholm/brotli v1.1.1/go.mod h1:05ib4cKhjx3OQYUY22hTVd34Bc8upXjOLL2rKwwZBoA=
github.com/google/uuid v1.6.0 h1:NIvaJDMOsjHA8n1jAhLSgzrAzy1Hgr+hNrb57e+94F0=
github.com/google/uuid v1.6.0/go.mod h1:TIyPZe4MgqvfeYDBFedMoGGpEw/LqOeaOT+nhxU+yHo=
github.com/klauspost/compress v1.17.9 h1:6KIumPrER1LHsvBVuDa0r5xaG0Es51mhhB9BQB2qeMA=
github.com/klauspost/compress v1.17.9/go.mod h1:Di0epgTjJY877eYKx5yC51cX2A2Vl2ibi7bDH9ttBbw=
github.com/parquet-go/bitpack v1.0.0 h1:AUqzlKzPPXf2bCdjfj4sTeacrUwsT7NlcYDMUQxPcQA=
github.com/parquet-go/bitpack v1.0.0/go.mod h1:XnVk9TH+O40eOOmvpAVZ7K2ocQFrQwysLMnc6M/8lgs=
github.com/parquet-go/jsonlite v1.0.0 h1:87QNdi56wOfsE5bdgas0vRzHPxfJgzrXGml1zZdd7VU=
github.com/parquet-go/jsonlite v1.0.0/go.mod h1:nDjpkpL4EOtqs6NQugUsi0Rleq9sW/OtC1NnZEnxzF0=
github.com/parquet-go/parquet-go v0.26.2-0.20251211011729-88f2a7f0ce17 h1:dM1bSk5a/b23nQEkdnh/mDfQVV9A6pb5neXkkdVVDyQ=
github.com/parquet-go/parquet-go v0.26.2-0.20251211011729-88f2a7f0ce17/go.mod h1:h9GcSt41Knf5qXI1tp1TfR8bDBUtvdUMzSKe26aZcHk=
github.com/pierrec/lz4/v4 v4.1.21 h1:yOVMLb6qSIDP67pl/5F7RepeKYu/VmTyEXvuMI5d9mQ=
github.com/pierrec/lz4/v4 v4.1.21/go.mod h1:gZWDp/Ze/IJXGXf23ltt2EXimqmTUXEy0GFuRQyBid4=
github.com/xyproto/randomstring v1.0.5/go.mod h1:rgmS5DeNXLivK7YprL0pY+lTuhNQW3iGxZ18UQApw/E=
golang.org/x/sys v0.38.0 h1:3yZWxaJjBmCWXqhN1qh02AkOnCQ1poK6oF+a7xWL6Gc=
golang.org/x/sys v0.38.0/go.mod h1:OgkHotnGiDImocRcuBABYBEXf8A9a87e/uXjp9XT3ks=
google.golang.org/protobuf v1.34.2 h1:6xV6lTsCfpGD21XK49h7MhtcApnLqkfYgPcdHftf6hg=
google.golang.org/protobuf v1.34.2/go.mod h1:qYOHts0dSfpeUzUFpOMr/WGzszTmLH+DiWniOlNbLDw=
